{
    "_readme": [
        "This file locks the dependencies of your project to a known state",
        "Read more about it at http://getcomposer.org/doc/01-basic-usage.md#composer-lock-the-lock-file",
        "This file is @generated automatically"
    ],
    "hash": "07b43e5b988c184cc5e6449f7b186795",
    "packages": [
        {
            "name": "gabbydgab/gdg-commons",
            "version": "dev-master",
            "source": {
                "type": "git",
                "url": "https://github.com/gabbydgab/GdgCommons.git",
                "reference": "69034a37243dcceeeff541e6b5e78579a6da6fe9"
            },
            "dist": {
                "type": "zip",
                "url": "https://api.github.com/repos/gabbydgab/GdgCommons/zipball/69034a37243dcceeeff541e6b5e78579a6da6fe9",
                "reference": "69034a37243dcceeeff541e6b5e78579a6da6fe9",
                "shasum": ""
            },
            "require": {
                "zendframework/zend-db": "2.3.*",
                "zendframework/zend-servicemanager": "2.3.*",
                "zendframework/zend-stdlib": "2.3.*"
            },
            "require-dev": {
                "phpunit/php-invoker": "1.*",
                "phpunit/phpunit": "4.*"
            },
            "type": "library",
            "extra": {
                "branch-alias": {
                    "dev-master": "1.0-dev",
                    "dev-develop": "1.1-dev"
                }
            },
            "autoload": {
                "psr-4": {
                    "GdgCommons\\Exception\\": "library/Exception/",
                    "GdgCommons\\DataMapper\\": "library/DataMapper/"
                }
            },
            "notification-url": "https://packagist.org/downloads/",
            "license": [
                "BSD-2-Clause"
            ],
            "authors": [
                {
                    "name": "Gab Amba",
                    "email": "gamba@gabbydgab.com",
                    "homepage": "http://www.gabbydgab.com/",
                    "role": "Lead Developer"
                }
            ],
            "description": "Abstract common library for web applications",
            "homepage": "https://github.com/gabbydgab/GdgCommons",
            "keywords": [
                "Common web app library",
                "data mapper"
            ],
            "time": "2014-06-12 10:08:55"
        },
        {
            "name": "zendframework/zend-db",
            "version": "dev-develop",
            "target-dir": "Zend/Db",
            "source": {
                "type": "git",
                "url": "https://github.com/zendframework/Component_ZendDb.git",
                "reference": "c120208db31559b2cea3ea07eef2cceb2469bda5"
            },
            "dist": {
                "type": "zip",
                "url": "https://api.github.com/repos/zendframework/Component_ZendDb/zipball/c120208db31559b2cea3ea07eef2cceb2469bda5",
                "reference": "c120208db31559b2cea3ea07eef2cceb2469bda5",
                "shasum": ""
            },
            "require": {
                "php": ">=5.3.23"
            },
            "require-dev": {
                "zendframework/zend-eventmanager": "self.version",
                "zendframework/zend-servicemanager": "self.version",
                "zendframework/zend-stdlib": "self.version"
            },
            "suggest": {
                "zendframework/zend-eventmanager": "Zend\\EventManager component",
                "zendframework/zend-servicemanager": "Zend\\ServiceManager component",
                "zendframework/zend-stdlib": "Zend\\Stdlib component"
            },
            "type": "library",
            "extra": {
                "branch-alias": {
                    "dev-master": "2.2-dev",
                    "dev-develop": "2.3-dev"
                }
            },
            "autoload": {
                "psr-0": {
                    "Zend\\Db\\": ""
                }
            },
            "notification-url": "https://packagist.org/downloads/",
            "license": [
                "BSD-3-Clause"
            ],
            "keywords": [
                "db",
                "zf2"
            ],
            "time": "2014-03-11 18:00:08"
        },
        {
            "name": "zendframework/zend-eventmanager",
            "version": "dev-develop",
            "target-dir": "Zend/EventManager",
            "source": {
                "type": "git",
                "url": "https://github.com/zendframework/Component_ZendEventManager.git",
                "reference": "e232aeeab9ae6545ac21c8fc2728d54297969658"
            },
            "dist": {
                "type": "zip",
                "url": "https://api.github.com/repos/zendframework/Component_ZendEventManager/zipball/e232aeeab9ae6545ac21c8fc2728d54297969658",
                "reference": "e232aeeab9ae6545ac21c8fc2728d54297969658",
                "shasum": ""
            },
            "require": {
                "php": ">=5.3.3",
                "zendframework/zend-stdlib": "self.version"
            },
            "type": "library",
            "extra": {
                "branch-alias": {
                    "dev-master": "2.2-dev",
                    "dev-develop": "2.3-dev"
                }
            },
            "autoload": {
                "psr-0": {
                    "Zend\\EventManager\\": ""
                }
            },
            "notification-url": "https://packagist.org/downloads/",
            "license": [
                "BSD-3-Clause"
            ],
            "keywords": [
                "eventmanager",
                "zf2"
            ],
            "time": "2014-01-04 13:01:02"
        },
        {
            "name": "zendframework/zend-loader",
            "version": "dev-develop",
            "target-dir": "Zend/Loader",
            "source": {
                "type": "git",
                "url": "https://github.com/zendframework/Component_ZendLoader.git",
                "reference": "c3a92b4ce71cd6727d384bcb898d82d430145e58"
            },
            "dist": {
                "type": "zip",
                "url": "https://api.github.com/repos/zendframework/Component_ZendLoader/zipball/c3a92b4ce71cd6727d384bcb898d82d430145e58",
                "reference": "c3a92b4ce71cd6727d384bcb898d82d430145e58",
                "shasum": ""
            },
            "require": {
                "php": ">=5.3.23"
            },
            "type": "library",
            "extra": {
                "branch-alias": {
                    "dev-master": "2.2-dev",
                    "dev-develop": "2.3-dev"
                }
            },
            "autoload": {
                "psr-0": {
                    "Zend\\Loader\\": ""
                }
            },
            "notification-url": "https://packagist.org/downloads/",
            "license": [
                "BSD-3-Clause"
            ],
            "keywords": [
                "loader",
                "zf2"
            ],
            "time": "2014-03-06 18:00:14"
        },
        {
            "name": "zendframework/zend-modulemanager",
            "version": "dev-develop",
            "target-dir": "Zend/ModuleManager",
            "source": {
                "type": "git",
                "url": "https://github.com/zendframework/Component_ZendModuleManager.git",
                "reference": "0b35072b567aea79d95271b3ca73458424208175"
            },
            "dist": {
                "type": "zip",
                "url": "https://api.github.com/repos/zendframework/Component_ZendModuleManager/zipball/0b35072b567aea79d95271b3ca73458424208175",
                "reference": "0b35072b567aea79d95271b3ca73458424208175",
                "shasum": ""
            },
            "require": {
                "php": ">=5.3.23",
                "zendframework/zend-eventmanager": "self.version",
                "zendframework/zend-stdlib": "self.version"
            },
            "require-dev": {
                "zendframework/zend-config": "self.version",
                "zendframework/zend-console": "self.version",
                "zendframework/zend-loader": "self.version",
                "zendframework/zend-mvc": "self.version",
                "zendframework/zend-servicemanager": "self.version"
            },
            "suggest": {
                "zendframework/zend-config": "Zend\\Config component",
                "zendframework/zend-console": "Zend\\Console component",
                "zendframework/zend-loader": "Zend\\Loader component",
                "zendframework/zend-mvc": "Zend\\Mvc component",
                "zendframework/zend-servicemanager": "Zend\\ServiceManager component"
            },
            "type": "library",
            "extra": {
                "branch-alias": {
                    "dev-master": "2.2-dev",
                    "dev-develop": "2.3-dev"
                }
            },
            "autoload": {
                "psr-0": {
                    "Zend\\ModuleManager\\": ""
                }
            },
            "notification-url": "https://packagist.org/downloads/",
            "license": [
                "BSD-3-Clause"
            ],
            "keywords": [
                "modulemanager",
                "zf2"
            ],
            "time": "2014-03-10 21:00:10"
        },
        {
            "name": "zendframework/zend-mvc",
            "version": "dev-develop",
            "target-dir": "Zend/Mvc",
            "source": {
                "type": "git",
                "url": "https://github.com/zendframework/Component_ZendMvc.git",
                "reference": "4e6f8db4609df7cd421f5391d0414dbbb14ccf01"
            },
            "dist": {
                "type": "zip",
                "url": "https://api.github.com/repos/zendframework/Component_ZendMvc/zipball/4e6f8db4609df7cd421f5391d0414dbbb14ccf01",
                "reference": "4e6f8db4609df7cd421f5391d0414dbbb14ccf01",
                "shasum": ""
            },
            "require": {
                "php": ">=5.3.23",
                "zendframework/zend-eventmanager": "self.version",
                "zendframework/zend-servicemanager": "self.version",
                "zendframework/zend-stdlib": "self.version"
            },
            "require-dev": {
                "zendframework/zend-authentication": "self.version",
                "zendframework/zend-console": "self.version",
                "zendframework/zend-di": "self.version",
                "zendframework/zend-filter": "self.version",
                "zendframework/zend-form": "self.version",
                "zendframework/zend-http": "self.version",
                "zendframework/zend-i18n": "self.version",
                "zendframework/zend-inputfilter": "self.version",
                "zendframework/zend-json": "self.version",
                "zendframework/zend-modulemanager": "self.version",
                "zendframework/zend-serializer": "self.version",
                "zendframework/zend-session": "self.version",
                "zendframework/zend-text": "self.version",
                "zendframework/zend-uri": "self.version",
                "zendframework/zend-validator": "self.version",
                "zendframework/zend-version": "self.version",
                "zendframework/zend-view": "self.version"
            },
            "suggest": {
                "zendframework/zend-authentication": "Zend\\Authentication component for Identity plugin",
                "zendframework/zend-config": "Zend\\Config component",
                "zendframework/zend-console": "Zend\\Console component",
                "zendframework/zend-di": "Zend\\Di component",
                "zendframework/zend-filter": "Zend\\Filter component",
                "zendframework/zend-form": "Zend\\Form component",
                "zendframework/zend-http": "Zend\\Http component",
                "zendframework/zend-i18n": "Zend\\I18n component for translatable segments",
                "zendframework/zend-inputfilter": "Zend\\Inputfilter component",
                "zendframework/zend-json": "Zend\\Json component",
                "zendframework/zend-modulemanager": "Zend\\ModuleManager component",
                "zendframework/zend-serializer": "Zend\\Serializer component",
                "zendframework/zend-session": "Zend\\Session component for FlashMessenger, PRG, and FPRG plugins",
                "zendframework/zend-stdlib": "Zend\\Stdlib component",
                "zendframework/zend-text": "Zend\\Text component",
                "zendframework/zend-uri": "Zend\\Uri component",
                "zendframework/zend-validator": "Zend\\Validator component",
                "zendframework/zend-version": "Zend\\Version component",
                "zendframework/zend-view": "Zend\\View component"
            },
            "type": "library",
            "extra": {
                "branch-alias": {
                    "dev-master": "2.2-dev",
                    "dev-develop": "2.3-dev"
                }
            },
            "autoload": {
                "psr-0": {
                    "Zend\\Mvc\\": ""
                }
            },
            "notification-url": "https://packagist.org/downloads/",
            "license": [
                "BSD-3-Clause"
            ],
            "keywords": [
                "mvc",
                "zf2"
            ],
            "time": "2014-03-13 08:00:07"
        },
        {
            "name": "zendframework/zend-servicemanager",
            "version": "dev-develop",
            "target-dir": "Zend/ServiceManager",
            "source": {
                "type": "git",
                "url": "https://github.com/zendframework/Component_ZendServiceManager.git",
                "reference": "4911c6c6f58d7058e351e6fe8ecff14666da1259"
            },
            "dist": {
                "type": "zip",
                "url": "https://api.github.com/repos/zendframework/Component_ZendServiceManager/zipball/4911c6c6f58d7058e351e6fe8ecff14666da1259",
                "reference": "4911c6c6f58d7058e351e6fe8ecff14666da1259",
                "shasum": ""
            },
            "require": {
                "php": ">=5.3.3"
            },
            "require-dev": {
                "zendframework/zend-di": "self.version"
            },
            "suggest": {
                "zendframework/zend-di": "Zend\\Di component"
            },
            "type": "library",
            "extra": {
                "branch-alias": {
                    "dev-master": "2.2-dev",
                    "dev-develop": "2.3-dev"
                }
            },
            "autoload": {
                "psr-0": {
                    "Zend\\ServiceManager\\": ""
                }
            },
            "notification-url": "https://packagist.org/downloads/",
            "license": [
                "BSD-3-Clause"
            ],
            "keywords": [
                "servicemanager",
                "zf2"
            ],
            "time": "2014-03-03 21:00:12"
        },
        {
            "name": "zendframework/zend-stdlib",
            "version": "dev-develop",
            "target-dir": "Zend/Stdlib",
            "source": {
                "type": "git",
                "url": "https://github.com/zendframework/Component_ZendStdlib.git",
                "reference": "3acce3d524c5c5b7e92c90b0c2763068c1efaf2c"
            },
            "dist": {
                "type": "zip",
                "url": "https://api.github.com/repos/zendframework/Component_ZendStdlib/zipball/3acce3d524c5c5b7e92c90b0c2763068c1efaf2c",
                "reference": "3acce3d524c5c5b7e92c90b0c2763068c1efaf2c",
                "shasum": ""
            },
            "require": {
                "php": ">=5.3.23"
            },
            "require-dev": {
                "zendframework/zend-eventmanager": "self.version",
                "zendframework/zend-serializer": "self.version",
                "zendframework/zend-servicemanager": "self.version"
            },
            "suggest": {
                "zendframework/zend-eventmanager": "To support aggregate hydrator usage",
                "zendframework/zend-serializer": "Zend\\Serializer component",
                "zendframework/zend-servicemanager": "To support hydrator plugin manager usage"
            },
            "type": "library",
            "extra": {
                "branch-alias": {
                    "dev-master": "2.2-dev",
                    "dev-develop": "2.3-dev"
                }
            },
            "autoload": {
                "psr-0": {
                    "Zend\\Stdlib\\": ""
                }
            },
            "notification-url": "https://packagist.org/downloads/",
            "license": [
                "BSD-3-Clause"
            ],
            "keywords": [
                "stdlib",
                "zf2"
            ],
            "time": "2014-03-13 16:12:22"
        },
        {
            "name": "zf-commons/zfc-base",
            "version": "dev-master",
            "source": {
                "type": "git",
                "url": "https://github.com/ZF-Commons/ZfcBase.git",
                "reference": "2d0e9013eaa4e59f5bec08444122a0f6c1c33107"
            },
            "dist": {
                "type": "zip",
                "url": "https://api.github.com/repos/ZF-Commons/ZfcBase/zipball/2d0e9013eaa4e59f5bec08444122a0f6c1c33107",
                "reference": "2d0e9013eaa4e59f5bec08444122a0f6c1c33107",
                "shasum": ""
            },
            "require": {
                "php": ">=5.3.3",
                "zendframework/zend-db": "~2.1",
                "zendframework/zend-eventmanager": "~2.1",
                "zendframework/zend-loader": "~2.1",
                "zendframework/zend-modulemanager": "~2.1",
                "zendframework/zend-mvc": "~2.1",
                "zendframework/zend-servicemanager": "~2.1",
                "zendframework/zend-stdlib": "~2.1"
            },
            "type": "library",
            "autoload": {
                "psr-0": {
                    "ZfcBase": "src/"
                },
                "classmap": [
                    "./Module.php"
                ]
            },
            "notification-url": "https://packagist.org/downloads/",
            "authors": [
                {
                    "name": "Kyle Spraggs",
                    "email": "theman@spiffyjr.me",
                    "homepage": "http://www.spiffyjr.me/"
                },
                {
                    "name": "Evan Coury",
                    "email": "me@evancoury.com",
                    "homepage": "http://blog.evan.pro/"
                }
            ],
            "description": "A set of genetic (abstract) classes which are commonly used across multiple modules.",
            "homepage": "https://github.com/ZF-Commons/ZfcBase",
            "keywords": [
                "zf2"
            ],
            "time": "2014-01-19 14:45:43"
        }
    ],
    "packages-dev": [

    ],
    "aliases": [

    ],
    "minimum-stability": "dev",
    "stability-flags": {
        "zf-commons/zfc-base": 20
    },
    "platform": [

    ],
    "platform-dev": [

    ]
}
